
Microsoft Visual Studio Solution File, Format Version 12.00
# Visual Studio 14
VisualStudioVersion = 14.0.24720.0
MinimumVisualStudioVersion = 10.0.40219.1
Project("{F2A71F9B-5D33-465A-A702-920D77279786}") = "Bugfree.SharePoint.Analyzer.Exporter", "Bugfree.SharePoint.Analyzer.Exporter\Bugfree.SharePoint.Analyzer.Exporter.fsproj", "{7A72F90F-4443-4555-8BB7-F01294E117D3}"
EndProject
Project("{F2A71F9B-5D33-465A-A702-920D77279786}") = "Bugfree.SharePoint.Analyzer.Importer", "Bugfree.SharePoint.Analyzer.Importer\Bugfree.SharePoint.Analyzer.Importer.fsproj", "{F88E2F70-6023-44CF-9BD5-78321D07459F}"
EndProject
Project("{2150E333-8FDC-42A3-9474-1A3956D46DE8}") = "SolutionItems", "SolutionItems", "{2C146E2C-B4E8-4FF3-8883-EDD25BF560A8}"
	ProjectSection(SolutionItems) = preProject
		..\build.ps1 = ..\build.ps1
		..\LICENSE = ..\LICENSE
		..\README.md = ..\README.md
	EndProjectSection
EndProject
Global
	GlobalSection(SolutionConfigurationPlatforms) = preSolution
		Debug|Any CPU = Debug|Any CPU
		Release|Any CPU = Release|Any CPU
	EndGlobalSection
	GlobalSection(ProjectConfigurationPlatforms) = postSolution
		{7A72F90F-4443-4555-8BB7-F01294E117D3}.Debug|Any CPU.ActiveCfg = Debug|Any CPU
		{7A72F90F-4443-4555-8BB7-F01294E117D3}.Debug|Any CPU.Build.0 = Debug|Any CPU
		{7A72F90F-4443-4555-8BB7-F01294E117D3}.Release|Any CPU.ActiveCfg = Release|Any CPU
		{7A72F90F-4443-4555-8BB7-F01294E117D3}.Release|Any CPU.Build.0 = Release|Any CPU
		{F88E2F70-6023-44CF-9BD5-78321D07459F}.Debug|Any CPU.ActiveCfg = Debug|Any CPU
		{F88E2F70-6023-44CF-9BD5-78321D07459F}.Debug|Any CPU.Build.0 = Debug|Any CPU
		{F88E2F70-6023-44CF-9BD5-78321D07459F}.Release|Any CPU.ActiveCfg = Release|Any CPU
		{F88E2F70-6023-44CF-9BD5-78321D07459F}.Release|Any CPU.Build.0 = Release|Any CPU
	EndGlobalSection
	GlobalSection(SolutionProperties) = preSolution
		HideSolutionNode = FALSE
	EndGlobalSection
EndGlobal
